PODS:
  - DBClient/Core (1.5)
  - DBClient/CoreData (1.5):
    - DBClient/Core
  - DBClient/Realm (1.5):
    - DBClient/Core
    - RealmSwift (~> 5.0.1)
  - Realm (5.0.1):
    - Realm/Headers (= 5.0.1)
  - Realm/Headers (5.0.1)
  - RealmSwift (5.0.1):
    - Realm (= 5.0.1)

DEPENDENCIES:
  - DBClient/CoreData (from `../`)
  - DBClient/Realm (from `../`)

SPEC REPOS:
  trunk:
    - Realm
    - RealmSwift

EXTERNAL SOURCES:
  DBClient:
    :path: "../"

SPEC CHECKSUMS:
  DBClient: 6a96f9c43b8e3be1d4dc471a61c5df597103cb98
  Realm: d36cfc336d76d2e15b13651beb6050f49354de4b
  RealmSwift: f29ae0ceaf4fbaf4803c40bbebd838ea2beb903a

PODFILE CHECKSUM: 01e2cf56f70348c45b9e7248a505591dd86d210b

COCOAPODS: 1.9.3
