PODS:
  - DBClient/Core (3.1.0)
  - DBClient/CoreData (3.1.0):
    - DBClient/Core

DEPENDENCIES:
  - DBClient/CoreData (from `../`)

EXTERNAL SOURCES:
  DBClient:
    :path: "../"

SPEC CHECKSUMS:
  DBClient: cd3b3bb62c44811ef1de13e1904b4ebd41818870

PODFILE CHECKSUM: 6cd826845901c3bca699f5018dff4ae2e915a176

COCOAPODS: 1.11.2
